{
  "name": "ytb2summary",
  "version": "1.0.0",
  "lockfileVersion": 3,
  "requires": true,
  "packages": {
    "": {
      "name": "ytb2summary",
      "version": "1.0.0",
      "dependencies": {
        "@toil/neurojs": "^1.1.2",
        "@vot.js/node": "^2.2.6",
        "commander": "^13.1.0"
      },
      "bin": {
        "ytb2summary": "cli.js"
      }
    },
    "node_modules/@bufbuild/protobuf": {
      "version": "2.2.3",
      "resolved": "https://registry.npmjs.org/@bufbuild/protobuf/-/protobuf-2.2.3.tgz",
      "integrity": "sha512-tFQoXHJdkEOSwj5tRIZSPNUuXK3RaR7T1nUrPgbYX1pUbvqqaaZAsfo+NXBPsz5rZMSKVFrgK1WL8Q/MSLvprg==",
      "license": "(Apache-2.0 AND BSD-3-Clause)"
    },
    "node_modules/@toil/neurojs": {
      "version": "1.1.2",
      "resolved": "https://registry.npmjs.org/@toil/neurojs/-/neurojs-1.1.2.tgz",
      "integrity": "sha512-moUNsyoVaQpaCNrAsqkvrVkDak2hZtQraDfxmq8iicYAKk97pjAChRIXgXbj0xQbsM2o78u8yvs1Wm/p5HifYg==",
      "license": "MIT",
      "dependencies": {
        "@bufbuild/protobuf": "^2.2.3",
        "@vot.js/core": "^2.2.6",
        "@vot.js/shared": "^2.2.6"
      },
      "engines": {
        "node": ">=18"
      },
      "peerDependencies": {
        "typescript": "^5.7.3"
      }
    },
    "node_modules/@vot.js/core": {
      "version": "2.2.6",
      "resolved": "https://registry.npmjs.org/@vot.js/core/-/core-2.2.6.tgz",
      "integrity": "sha512-cUrvCNlkc2FfmEZZ5Xt1A0Qisc8LnrbP9rcMAH+pMRDtvfX5dPfw+vLNTDu1RBw54tNJaGs5xWWsFlOYHN+P6g==",
      "license": "MIT",
      "dependencies": {
        "@vot.js/shared": "^2.2.6"
      },
      "engines": {
        "node": ">=18"
      },
      "peerDependencies": {
        "typescript": "^5.0.0"
      }
    },
    "node_modules/@vot.js/node": {
      "version": "2.2.6",
      "resolved": "https://registry.npmjs.org/@vot.js/node/-/node-2.2.6.tgz",
      "integrity": "sha512-pWL+v8lB6ft92wSUBin6yrzvpYxmj5162gZDuC9BvXfygRtBhPK+bZ4VDZAgRXsNxiCjO0raZ9Iw0dRoUv7QnQ==",
      "license": "MIT",
      "dependencies": {
        "@vot.js/core": "^2.2.6",
        "@vot.js/shared": "^2.2.6",
        "dom-parser": "^1.1.5",
        "undici": "^7.2.3"
      },
      "engines": {
        "node": ">=18"
      },
      "peerDependencies": {
        "typescript": "^5.0.0"
      }
    },
    "node_modules/@vot.js/shared": {
      "version": "2.2.6",
      "resolved": "https://registry.npmjs.org/@vot.js/shared/-/shared-2.2.6.tgz",
      "integrity": "sha512-M4uqKlMFFDFSpzKofywUpdXo/0ZfnzhX1sfwmVDy0+ZVFOboPP7ZRRZLiOkDJlFUHGUnn7tb+FYnJ7LGhfH3lA==",
      "license": "MIT",
      "dependencies": {
        "@bufbuild/protobuf": "^2.0.0"
      },
      "engines": {
        "node": ">=18"
      },
      "peerDependencies": {
        "typescript": "^5.0.0"
      }
    },
    "node_modules/commander": {
      "version": "13.1.0",
      "resolved": "https://registry.npmjs.org/commander/-/commander-13.1.0.tgz",
      "integrity": "sha512-/rFeCpNJQbhSZjGVwO9RFV3xPqbnERS8MmIQzCtD/zl6gpJuV/bMLuN92oG3F7d8oDEHHRrujSXNUr8fpjntKw==",
      "license": "MIT",
      "engines": {
        "node": ">=18"
      }
    },
    "node_modules/dom-parser": {
      "version": "1.1.5",
      "resolved": "https://registry.npmjs.org/dom-parser/-/dom-parser-1.1.5.tgz",
      "integrity": "sha512-lCiFG48ZUzGXjKN0qhSkxD/i3ndyV6I37zQ3W2VFYLjF1ob8A+QgSsM7Ps2UT0d3LpJxLMmMHiJJ34z5hkKLiA==",
      "license": "ISC"
    },
    "node_modules/typescript": {
      "version": "5.7.3",
      "resolved": "https://registry.npmjs.org/typescript/-/typescript-5.7.3.tgz",
      "integrity": "sha512-84MVSjMEHP+FQRPy3pX9sTVV/INIex71s9TL2Gm5FG/WG1SqXeKyZ0k7/blY/4FdOzI12CBy1vGc4og/eus0fw==",
      "license": "Apache-2.0",
      "peer": true,
      "bin": {
        "tsc": "bin/tsc",
        "tsserver": "bin/tsserver"
      },
      "engines": {
        "node": ">=14.17"
      }
    },
    "node_modules/undici": {
      "version": "7.3.0",
      "resolved": "https://registry.npmjs.org/undici/-/undici-7.3.0.tgz",
      "integrity": "sha512-Qy96NND4Dou5jKoSJ2gm8ax8AJM/Ey9o9mz7KN1bb9GP+G0l20Zw8afxTnY2f4b7hmhn/z8aC2kfArVQlAhFBw==",
      "license": "MIT",
      "engines": {
        "node": ">=20.18.1"
      }
    }
  }
}
